
Microsoft Visual Studio Solution File, Format Version 12.00
# Visual Studio Version 16
VisualStudioVersion = 16.0.29424.173
MinimumVisualStudioVersion = 15.0.26124.0
Project("{FAE04EC0-301F-11D3-BF4B-00C04F79EFBC}") = "LocalizationTest.Api", "LocalizationTest.Api\LocalizationTest.Api.csproj", "{A750F4A7-07DC-42AC-983E-AAE0A7AF6C0A}"
EndProject
Project("{FAE04EC0-301F-11D3-BF4B-00C04F79EFBC}") = "LocalizationTest.Domain", "LocalizationTest.Domain\LocalizationTest.Domain.csproj", "{527C0F7A-B4E9-4DC7-A6DA-A0D96DC497A8}"
EndProject
Global
	GlobalSection(SolutionConfigurationPlatforms) = preSolution
		Debug|Any CPU = Debug|Any CPU
		Debug|x64 = Debug|x64
		Debug|x86 = Debug|x86
		Release|Any CPU = Release|Any CPU
		Release|x64 = Release|x64
		Release|x86 = Release|x86
	EndGlobalSection
	GlobalSection(ProjectConfigurationPlatforms) = postSolution
		{A750F4A7-07DC-42AC-983E-AAE0A7AF6C0A}.Debug|Any CPU.ActiveCfg = Debug|Any CPU
		{A750F4A7-07DC-42AC-983E-AAE0A7AF6C0A}.Debug|Any CPU.Build.0 = Debug|Any CPU
		{A750F4A7-07DC-42AC-983E-AAE0A7AF6C0A}.Debug|x64.ActiveCfg = Debug|Any CPU
		{A750F4A7-07DC-42AC-983E-AAE0A7AF6C0A}.Debug|x64.Build.0 = Debug|Any CPU
		{A750F4A7-07DC-42AC-983E-AAE0A7AF6C0A}.Debug|x86.ActiveCfg = Debug|Any CPU
		{A750F4A7-07DC-42AC-983E-AAE0A7AF6C0A}.Debug|x86.Build.0 = Debug|Any CPU
		{A750F4A7-07DC-42AC-983E-AAE0A7AF6C0A}.Release|Any CPU.ActiveCfg = Release|Any CPU
		{A750F4A7-07DC-42AC-983E-AAE0A7AF6C0A}.Release|Any CPU.Build.0 = Release|Any CPU
		{A750F4A7-07DC-42AC-983E-AAE0A7AF6C0A}.Release|x64.ActiveCfg = Release|Any CPU
		{A750F4A7-07DC-42AC-983E-AAE0A7AF6C0A}.Release|x64.Build.0 = Release|Any CPU
		{A750F4A7-07DC-42AC-983E-AAE0A7AF6C0A}.Release|x86.ActiveCfg = Release|Any CPU
		{A750F4A7-07DC-42AC-983E-AAE0A7AF6C0A}.Release|x86.Build.0 = Release|Any CPU
		{527C0F7A-B4E9-4DC7-A6DA-A0D96DC497A8}.Debug|Any CPU.ActiveCfg = Debug|Any CPU
		{527C0F7A-B4E9-4DC7-A6DA-A0D96DC497A8}.Debug|Any CPU.Build.0 = Debug|Any CPU
		{527C0F7A-B4E9-4DC7-A6DA-A0D96DC497A8}.Debug|x64.ActiveCfg = Debug|Any CPU
		{527C0F7A-B4E9-4DC7-A6DA-A0D96DC497A8}.Debug|x64.Build.0 = Debug|Any CPU
		{527C0F7A-B4E9-4DC7-A6DA-A0D96DC497A8}.Debug|x86.ActiveCfg = Debug|Any CPU
		{527C0F7A-B4E9-4DC7-A6DA-A0D96DC497A8}.Debug|x86.Build.0 = Debug|Any CPU
		{527C0F7A-B4E9-4DC7-A6DA-A0D96DC497A8}.Release|Any CPU.ActiveCfg = Release|Any CPU
		{527C0F7A-B4E9-4DC7-A6DA-A0D96DC497A8}.Release|Any CPU.Build.0 = Release|Any CPU
		{527C0F7A-B4E9-4DC7-A6DA-A0D96DC497A8}.Release|x64.ActiveCfg = Release|Any CPU
		{527C0F7A-B4E9-4DC7-A6DA-A0D96DC497A8}.Release|x64.Build.0 = Release|Any CPU
		{527C0F7A-B4E9-4DC7-A6DA-A0D96DC497A8}.Release|x86.ActiveCfg = Release|Any CPU
		{527C0F7A-B4E9-4DC7-A6DA-A0D96DC497A8}.Release|x86.Build.0 = Release|Any CPU
	EndGlobalSection
	GlobalSection(SolutionProperties) = preSolution
		HideSolutionNode = FALSE
	EndGlobalSection
	GlobalSection(ExtensibilityGlobals) = postSolution
		SolutionGuid = {68613660-7C51-40B8-B79A-D476C8C36846}
	EndGlobalSection
EndGlobal
